
Microsoft Visual Studio Solution File, Format Version 12.00
# Visual Studio Version 16
VisualStudioVersion = 16.0.31729.503
MinimumVisualStudioVersion = 10.0.40219.1
Project("{FAE04EC0-301F-11D3-BF4B-00C04F79EFBC}") = "PaintChaosDotNet5", "PaintChaosDotNet5\PaintChaosDotNet5.csproj", "{9405901B-C59E-40E3-8AF1-7532B53F871C}"
EndProject
Global
	GlobalSection(SolutionConfigurationPlatforms) = preSolution
		Debug|Any CPU = Debug|Any CPU
		Release|Any CPU = Release|Any CPU
	EndGlobalSection
	GlobalSection(ProjectConfigurationPlatforms) = postSolution
		{9405901B-C59E-40E3-8AF1-7532B53F871C}.Debug|Any CPU.ActiveCfg = Debug|Any CPU
		{9405901B-C59E-40E3-8AF1-7532B53F871C}.Debug|Any CPU.Build.0 = Debug|Any CPU
		{9405901B-C59E-40E3-8AF1-7532B53F871C}.Release|Any CPU.ActiveCfg = Release|Any CPU
		{9405901B-C59E-40E3-8AF1-7532B53F871C}.Release|Any CPU.Build.0 = Release|Any CPU
	EndGlobalSection
	GlobalSection(SolutionProperties) = preSolution
		HideSolutionNode = FALSE
	EndGlobalSection
	GlobalSection(ExtensibilityGlobals) = postSolution
		SolutionGuid = {0BC74F14-AD35-467F-A806-4ACDB66AA11C}
	EndGlobalSection
EndGlobal
